
Microsoft Visual Studio Solution File, Format Version 12.00
# Visual Studio Version 17
VisualStudioVersion = 17.9.34701.34
MinimumVisualStudioVersion = 10.0.40219.1
Project("{9A19103F-16F7-4668-BE54-9A1E7A4F7556}") = "ApiIgrejas", "ApiIgrejas\ApiIgrejas.csproj", "{239467BB-F748-4115-9826-C4DF5DB337B6}"
EndProject
Project("{2150E333-8FDC-42A3-9474-1A3956D46DE8}") = "1 Aplicacao", "1 Aplicacao", "{C19BFF1D-4DFC-4E42-BB17-788EF87F2519}"
EndProject
Project("{2150E333-8FDC-42A3-9474-1A3956D46DE8}") = "2 Domain", "2 Domain", "{08D1FAF2-7057-49A0-B4EA-6EF2C38AE3E6}"
EndProject
Project("{2150E333-8FDC-42A3-9474-1A3956D46DE8}") = "3 Service", "3 Service", "{B7F76CFC-AD19-47C7-8134-7C7DA1B8AABC}"
EndProject
Project("{2150E333-8FDC-42A3-9474-1A3956D46DE8}") = "4 Infra", "4 Infra", "{72FECE7F-DA96-4871-A3F4-A6D8CA4B791F}"
EndProject
Project("{2150E333-8FDC-42A3-9474-1A3956D46DE8}") = "5 Testes", "5 Testes", "{52D55071-4CCE-4010-9588-027D1DD723B3}"
EndProject
Project("{9A19103F-16F7-4668-BE54-9A1E7A4F7556}") = "Domain", "Domain\Domain.csproj", "{6A6E0C82-7C0E-45BE-9C2E-FE7A855BE0FF}"
EndProject
Project("{9A19103F-16F7-4668-BE54-9A1E7A4F7556}") = "Service", "Service\Service.csproj", "{B75F5CD8-7D9A-486F-94EB-A018C37D6D43}"
EndProject
Project("{2150E333-8FDC-42A3-9474-1A3956D46DE8}") = "4.1 Data", "4.1 Data", "{E73C203C-52CA-4E57-9A27-9749D98D572A}"
EndProject
Project("{2150E333-8FDC-42A3-9474-1A3956D46DE8}") = "4.2 CrossCutting", "4.2 CrossCutting", "{4D572A83-61ED-4725-9C6D-613A2BD822EC}"
EndProject
Project("{9A19103F-16F7-4668-BE54-9A1E7A4F7556}") = "Infra.Data", "Infra.Data\Infra.Data.csproj", "{98976211-CABC-49B8-8602-422C5D9D769E}"
EndProject
Project("{9A19103F-16F7-4668-BE54-9A1E7A4F7556}") = "Infra.CrossCutting", "Infra.CrossCutting\Infra.CrossCutting.csproj", "{EEAB0E1F-1B0E-4110-9068-52BB4A8BA498}"
EndProject
Project("{9A19103F-16F7-4668-BE54-9A1E7A4F7556}") = "Testes", "Testes\Testes.csproj", "{F4E56FEA-E906-48F1-B8FE-3D2D03DE1429}"
EndProject
Project("{9A19103F-16F7-4668-BE54-9A1E7A4F7556}") = "Domain.Cores", "Domain.Cores\Domain.Cores.csproj", "{6BC2A284-9152-4852-B0F6-2B26E00AEB71}"
EndProject
Global
	GlobalSection(SolutionConfigurationPlatforms) = preSolution
		Debug|Any CPU = Debug|Any CPU
		Release|Any CPU = Release|Any CPU
	EndGlobalSection
	GlobalSection(ProjectConfigurationPlatforms) = postSolution
		{239467BB-F748-4115-9826-C4DF5DB337B6}.Debug|Any CPU.ActiveCfg = Debug|Any CPU
		{239467BB-F748-4115-9826-C4DF5DB337B6}.Debug|Any CPU.Build.0 = Debug|Any CPU
		{239467BB-F748-4115-9826-C4DF5DB337B6}.Release|Any CPU.ActiveCfg = Release|Any CPU
		{239467BB-F748-4115-9826-C4DF5DB337B6}.Release|Any CPU.Build.0 = Release|Any CPU
		{6A6E0C82-7C0E-45BE-9C2E-FE7A855BE0FF}.Debug|Any CPU.ActiveCfg = Debug|Any CPU
		{6A6E0C82-7C0E-45BE-9C2E-FE7A855BE0FF}.Debug|Any CPU.Build.0 = Debug|Any CPU
		{6A6E0C82-7C0E-45BE-9C2E-FE7A855BE0FF}.Release|Any CPU.ActiveCfg = Release|Any CPU
		{6A6E0C82-7C0E-45BE-9C2E-FE7A855BE0FF}.Release|Any CPU.Build.0 = Release|Any CPU
		{B75F5CD8-7D9A-486F-94EB-A018C37D6D43}.Debug|Any CPU.ActiveCfg = Debug|Any CPU
		{B75F5CD8-7D9A-486F-94EB-A018C37D6D43}.Debug|Any CPU.Build.0 = Debug|Any CPU
		{B75F5CD8-7D9A-486F-94EB-A018C37D6D43}.Release|Any CPU.ActiveCfg = Release|Any CPU
		{B75F5CD8-7D9A-486F-94EB-A018C37D6D43}.Release|Any CPU.Build.0 = Release|Any CPU
		{98976211-CABC-49B8-8602-422C5D9D769E}.Debug|Any CPU.ActiveCfg = Debug|Any CPU
		{98976211-CABC-49B8-8602-422C5D9D769E}.Debug|Any CPU.Build.0 = Debug|Any CPU
		{98976211-CABC-49B8-8602-422C5D9D769E}.Release|Any CPU.ActiveCfg = Release|Any CPU
		{98976211-CABC-49B8-8602-422C5D9D769E}.Release|Any CPU.Build.0 = Release|Any CPU
		{EEAB0E1F-1B0E-4110-9068-52BB4A8BA498}.Debug|Any CPU.ActiveCfg = Debug|Any CPU
		{EEAB0E1F-1B0E-4110-9068-52BB4A8BA498}.Debug|Any CPU.Build.0 = Debug|Any CPU
		{EEAB0E1F-1B0E-4110-9068-52BB4A8BA498}.Release|Any CPU.ActiveCfg = Release|Any CPU
		{EEAB0E1F-1B0E-4110-9068-52BB4A8BA498}.Release|Any CPU.Build.0 = Release|Any CPU
		{F4E56FEA-E906-48F1-B8FE-3D2D03DE1429}.Debug|Any CPU.ActiveCfg = Debug|Any CPU
		{F4E56FEA-E906-48F1-B8FE-3D2D03DE1429}.Debug|Any CPU.Build.0 = Debug|Any CPU
		{F4E56FEA-E906-48F1-B8FE-3D2D03DE1429}.Release|Any CPU.ActiveCfg = Release|Any CPU
		{F4E56FEA-E906-48F1-B8FE-3D2D03DE1429}.Release|Any CPU.Build.0 = Release|Any CPU
		{6BC2A284-9152-4852-B0F6-2B26E00AEB71}.Debug|Any CPU.ActiveCfg = Debug|Any CPU
		{6BC2A284-9152-4852-B0F6-2B26E00AEB71}.Debug|Any CPU.Build.0 = Debug|Any CPU
		{6BC2A284-9152-4852-B0F6-2B26E00AEB71}.Release|Any CPU.ActiveCfg = Release|Any CPU
		{6BC2A284-9152-4852-B0F6-2B26E00AEB71}.Release|Any CPU.Build.0 = Release|Any CPU
	EndGlobalSection
	GlobalSection(SolutionProperties) = preSolution
		HideSolutionNode = FALSE
	EndGlobalSection
	GlobalSection(NestedProjects) = preSolution
		{239467BB-F748-4115-9826-C4DF5DB337B6} = {C19BFF1D-4DFC-4E42-BB17-788EF87F2519}
		{6A6E0C82-7C0E-45BE-9C2E-FE7A855BE0FF} = {08D1FAF2-7057-49A0-B4EA-6EF2C38AE3E6}
		{B75F5CD8-7D9A-486F-94EB-A018C37D6D43} = {B7F76CFC-AD19-47C7-8134-7C7DA1B8AABC}
		{E73C203C-52CA-4E57-9A27-9749D98D572A} = {72FECE7F-DA96-4871-A3F4-A6D8CA4B791F}
		{4D572A83-61ED-4725-9C6D-613A2BD822EC} = {72FECE7F-DA96-4871-A3F4-A6D8CA4B791F}
		{98976211-CABC-49B8-8602-422C5D9D769E} = {E73C203C-52CA-4E57-9A27-9749D98D572A}
		{EEAB0E1F-1B0E-4110-9068-52BB4A8BA498} = {4D572A83-61ED-4725-9C6D-613A2BD822EC}
		{F4E56FEA-E906-48F1-B8FE-3D2D03DE1429} = {52D55071-4CCE-4010-9588-027D1DD723B3}
		{6BC2A284-9152-4852-B0F6-2B26E00AEB71} = {08D1FAF2-7057-49A0-B4EA-6EF2C38AE3E6}
	EndGlobalSection
	GlobalSection(ExtensibilityGlobals) = postSolution
		SolutionGuid = {F18D8EA9-4820-41A5-8050-285E32312622}
	EndGlobalSection
EndGlobal
